
Microsoft Visual Studio Solution File, Format Version 12.00
# Visual Studio Version 16
VisualStudioVersion = 16.0.29230.47
MinimumVisualStudioVersion = 10.0.40219.1
Project("{9A19103F-16F7-4668-BE54-9A1E7A4F7556}") = "solid-project-1", "solid-project-1.csproj", "{E0B95DDC-D538-4CB1-BB39-42BA0F0A861E}"
EndProject
Project("{FAE04EC0-301F-11D3-BF4B-00C04F79EFBC}") = "solid-project-1.Tests", "..\solid-project-1.Tests\solid-project-1.Tests.csproj", "{D2F63979-D5C1-4613-9A0F-0256C7529C20}"
EndProject
Global
	GlobalSection(SolutionConfigurationPlatforms) = preSolution
		Debug|Any CPU = Debug|Any CPU
		Debug|x64 = Debug|x64
		Debug|x86 = Debug|x86
		Release|Any CPU = Release|Any CPU
		Release|x64 = Release|x64
		Release|x86 = Release|x86
	EndGlobalSection
	GlobalSection(ProjectConfigurationPlatforms) = postSolution
		{E0B95DDC-D538-4CB1-BB39-42BA0F0A861E}.Debug|Any CPU.ActiveCfg = Debug|Any CPU
		{E0B95DDC-D538-4CB1-BB39-42BA0F0A861E}.Debug|Any CPU.Build.0 = Debug|Any CPU
		{E0B95DDC-D538-4CB1-BB39-42BA0F0A861E}.Debug|x64.ActiveCfg = Debug|Any CPU
		{E0B95DDC-D538-4CB1-BB39-42BA0F0A861E}.Debug|x64.Build.0 = Debug|Any CPU
		{E0B95DDC-D538-4CB1-BB39-42BA0F0A861E}.Debug|x86.ActiveCfg = Debug|Any CPU
		{E0B95DDC-D538-4CB1-BB39-42BA0F0A861E}.Debug|x86.Build.0 = Debug|Any CPU
		{E0B95DDC-D538-4CB1-BB39-42BA0F0A861E}.Release|Any CPU.ActiveCfg = Release|Any CPU
		{E0B95DDC-D538-4CB1-BB39-42BA0F0A861E}.Release|Any CPU.Build.0 = Release|Any CPU
		{E0B95DDC-D538-4CB1-BB39-42BA0F0A861E}.Release|x64.ActiveCfg = Release|Any CPU
		{E0B95DDC-D538-4CB1-BB39-42BA0F0A861E}.Release|x64.Build.0 = Release|Any CPU
		{E0B95DDC-D538-4CB1-BB39-42BA0F0A861E}.Release|x86.ActiveCfg = Release|Any CPU
		{E0B95DDC-D538-4CB1-BB39-42BA0F0A861E}.Release|x86.Build.0 = Release|Any CPU
		{D2F63979-D5C1-4613-9A0F-0256C7529C20}.Debug|Any CPU.ActiveCfg = Debug|Any CPU
		{D2F63979-D5C1-4613-9A0F-0256C7529C20}.Debug|Any CPU.Build.0 = Debug|Any CPU
		{D2F63979-D5C1-4613-9A0F-0256C7529C20}.Debug|x64.ActiveCfg = Debug|Any CPU
		{D2F63979-D5C1-4613-9A0F-0256C7529C20}.Debug|x64.Build.0 = Debug|Any CPU
		{D2F63979-D5C1-4613-9A0F-0256C7529C20}.Debug|x86.ActiveCfg = Debug|Any CPU
		{D2F63979-D5C1-4613-9A0F-0256C7529C20}.Debug|x86.Build.0 = Debug|Any CPU
		{D2F63979-D5C1-4613-9A0F-0256C7529C20}.Release|Any CPU.ActiveCfg = Release|Any CPU
		{D2F63979-D5C1-4613-9A0F-0256C7529C20}.Release|Any CPU.Build.0 = Release|Any CPU
		{D2F63979-D5C1-4613-9A0F-0256C7529C20}.Release|x64.ActiveCfg = Release|Any CPU
		{D2F63979-D5C1-4613-9A0F-0256C7529C20}.Release|x64.Build.0 = Release|Any CPU
		{D2F63979-D5C1-4613-9A0F-0256C7529C20}.Release|x86.ActiveCfg = Release|Any CPU
		{D2F63979-D5C1-4613-9A0F-0256C7529C20}.Release|x86.Build.0 = Release|Any CPU
	EndGlobalSection
	GlobalSection(SolutionProperties) = preSolution
		HideSolutionNode = FALSE
	EndGlobalSection
	GlobalSection(ExtensibilityGlobals) = postSolution
		SolutionGuid = {B69126D3-16E1-4FA4-9C5C-BAA0F521BC98}
	EndGlobalSection
EndGlobal
